
Microsoft Visual Studio Solution File, Format Version 12.00
# Visual Studio Version 17
VisualStudioVersion = 17.10.35027.167
MinimumVisualStudioVersion = 10.0.40219.1
Project("{FAE04EC0-301F-11D3-BF4B-00C04F79EFBC}") = "6_SUM_OF_TWO_GREATEST_NUMBERS_FROM_ARRAY", "6_SUM_OF_TWO_GREATEST_NUMBERS_FROM_ARRAY.csproj", "{1591CE77-7A5B-4E68-A6AA-0825C3576A2E}"
EndProject
Global
	GlobalSection(SolutionConfigurationPlatforms) = preSolution
		Debug|Any CPU = Debug|Any CPU
		Release|Any CPU = Release|Any CPU
	EndGlobalSection
	GlobalSection(ProjectConfigurationPlatforms) = postSolution
		{1591CE77-7A5B-4E68-A6AA-0825C3576A2E}.Debug|Any CPU.ActiveCfg = Debug|Any CPU
		{1591CE77-7A5B-4E68-A6AA-0825C3576A2E}.Debug|Any CPU.Build.0 = Debug|Any CPU
		{1591CE77-7A5B-4E68-A6AA-0825C3576A2E}.Release|Any CPU.ActiveCfg = Release|Any CPU
		{1591CE77-7A5B-4E68-A6AA-0825C3576A2E}.Release|Any CPU.Build.0 = Release|Any CPU
	EndGlobalSection
	GlobalSection(SolutionProperties) = preSolution
		HideSolutionNode = FALSE
	EndGlobalSection
	GlobalSection(ExtensibilityGlobals) = postSolution
		SolutionGuid = {C50F3DC3-634E-49B4-8B40-96466ABC7DBF}
	EndGlobalSection
EndGlobal
