
Microsoft Visual Studio Solution File, Format Version 12.00
# Visual Studio Version 17
VisualStudioVersion = 17.11.35208.52
MinimumVisualStudioVersion = 10.0.40219.1
Project("{FAE04EC0-301F-11D3-BF4B-00C04F79EFBC}") = "OOP_14_Multiple_Inheritance_Using_Interface_Stud_Teach", "OOP_14_Multiple_Inheritance_Using_Interface_Stud_Teach.csproj", "{0F71D2C8-7F1E-4094-A8DB-66ABC70850B9}"
EndProject
Global
	GlobalSection(SolutionConfigurationPlatforms) = preSolution
		Debug|Any CPU = Debug|Any CPU
		Release|Any CPU = Release|Any CPU
	EndGlobalSection
	GlobalSection(ProjectConfigurationPlatforms) = postSolution
		{0F71D2C8-7F1E-4094-A8DB-66ABC70850B9}.Debug|Any CPU.ActiveCfg = Debug|Any CPU
		{0F71D2C8-7F1E-4094-A8DB-66ABC70850B9}.Debug|Any CPU.Build.0 = Debug|Any CPU
		{0F71D2C8-7F1E-4094-A8DB-66ABC70850B9}.Release|Any CPU.ActiveCfg = Release|Any CPU
		{0F71D2C8-7F1E-4094-A8DB-66ABC70850B9}.Release|Any CPU.Build.0 = Release|Any CPU
	EndGlobalSection
	GlobalSection(SolutionProperties) = preSolution
		HideSolutionNode = FALSE
	EndGlobalSection
	GlobalSection(ExtensibilityGlobals) = postSolution
		SolutionGuid = {D996D331-AA80-48DA-B732-F11208951791}
	EndGlobalSection
EndGlobal
