
Microsoft Visual Studio Solution File, Format Version 12.00
# Visual Studio Version 17
VisualStudioVersion = 17.10.35027.167
MinimumVisualStudioVersion = 10.0.40219.1
Project("{FAE04EC0-301F-11D3-BF4B-00C04F79EFBC}") = "2_WAP_TO_PRINT_DUPLICATE_ELEMENTS", "2_WAP_TO_PRINT_DUPLICATE_ELEMENTS.csproj", "{0CF86DCB-3FCD-41D2-A863-18D3178AF0F5}"
EndProject
Global
	GlobalSection(SolutionConfigurationPlatforms) = preSolution
		Debug|Any CPU = Debug|Any CPU
		Release|Any CPU = Release|Any CPU
	EndGlobalSection
	GlobalSection(ProjectConfigurationPlatforms) = postSolution
		{0CF86DCB-3FCD-41D2-A863-18D3178AF0F5}.Debug|Any CPU.ActiveCfg = Debug|Any CPU
		{0CF86DCB-3FCD-41D2-A863-18D3178AF0F5}.Debug|Any CPU.Build.0 = Debug|Any CPU
		{0CF86DCB-3FCD-41D2-A863-18D3178AF0F5}.Release|Any CPU.ActiveCfg = Release|Any CPU
		{0CF86DCB-3FCD-41D2-A863-18D3178AF0F5}.Release|Any CPU.Build.0 = Release|Any CPU
	EndGlobalSection
	GlobalSection(SolutionProperties) = preSolution
		HideSolutionNode = FALSE
	EndGlobalSection
	GlobalSection(ExtensibilityGlobals) = postSolution
		SolutionGuid = {8F703032-7D6B-4792-8976-5394B8FCAC26}
	EndGlobalSection
EndGlobal
