
Microsoft Visual Studio Solution File, Format Version 12.00
# Visual Studio Version 17
VisualStudioVersion = 17.10.35027.167
MinimumVisualStudioVersion = 10.0.40219.1
Project("{FAE04EC0-301F-11D3-BF4B-00C04F79EFBC}") = "7_Multiplier_Table_Vertically_From_1_To_N", "7_Multiplier_Table_Vertically_From_1_To_N.csproj", "{5866817E-D78F-462A-AA6B-0252002DFFCA}"
EndProject
Global
	GlobalSection(SolutionConfigurationPlatforms) = preSolution
		Debug|Any CPU = Debug|Any CPU
		Release|Any CPU = Release|Any CPU
	EndGlobalSection
	GlobalSection(ProjectConfigurationPlatforms) = postSolution
		{5866817E-D78F-462A-AA6B-0252002DFFCA}.Debug|Any CPU.ActiveCfg = Debug|Any CPU
		{5866817E-D78F-462A-AA6B-0252002DFFCA}.Debug|Any CPU.Build.0 = Debug|Any CPU
		{5866817E-D78F-462A-AA6B-0252002DFFCA}.Release|Any CPU.ActiveCfg = Release|Any CPU
		{5866817E-D78F-462A-AA6B-0252002DFFCA}.Release|Any CPU.Build.0 = Release|Any CPU
	EndGlobalSection
	GlobalSection(SolutionProperties) = preSolution
		HideSolutionNode = FALSE
	EndGlobalSection
	GlobalSection(ExtensibilityGlobals) = postSolution
		SolutionGuid = {E56E97DD-7069-4956-A261-867FE737DB75}
	EndGlobalSection
EndGlobal
