
Microsoft Visual Studio Solution File, Format Version 12.00
# Visual Studio Version 17
VisualStudioVersion = 17.11.35208.52
MinimumVisualStudioVersion = 10.0.40219.1
Project("{FAE04EC0-301F-11D3-BF4B-00C04F79EFBC}") = "OOP_12_Arithematic_Operations_Using_Binary_Operator_Overloading", "OOP_12_Arithematic_Operations_Using_Binary_Operator_Overloading.csproj", "{25FCD9E1-768A-452D-87A4-64F4153B420C}"
EndProject
Global
	GlobalSection(SolutionConfigurationPlatforms) = preSolution
		Debug|Any CPU = Debug|Any CPU
		Release|Any CPU = Release|Any CPU
	EndGlobalSection
	GlobalSection(ProjectConfigurationPlatforms) = postSolution
		{25FCD9E1-768A-452D-87A4-64F4153B420C}.Debug|Any CPU.ActiveCfg = Debug|Any CPU
		{25FCD9E1-768A-452D-87A4-64F4153B420C}.Debug|Any CPU.Build.0 = Debug|Any CPU
		{25FCD9E1-768A-452D-87A4-64F4153B420C}.Release|Any CPU.ActiveCfg = Release|Any CPU
		{25FCD9E1-768A-452D-87A4-64F4153B420C}.Release|Any CPU.Build.0 = Release|Any CPU
	EndGlobalSection
	GlobalSection(SolutionProperties) = preSolution
		HideSolutionNode = FALSE
	EndGlobalSection
	GlobalSection(ExtensibilityGlobals) = postSolution
		SolutionGuid = {83E8BAAB-899D-41A9-94CC-363D7B997032}
	EndGlobalSection
EndGlobal
