
Microsoft Visual Studio Solution File, Format Version 12.00
# Visual Studio Version 17
VisualStudioVersion = 17.10.35027.167
MinimumVisualStudioVersion = 10.0.40219.1
Project("{FAE04EC0-301F-11D3-BF4B-00C04F79EFBC}") = "7_WAP_TO_PRINT_INTEGER_ARRAY_IN_REVERSE_ORDER", "7_WAP_TO_PRINT_INTEGER_ARRAY_IN_REVERSE_ORDER.csproj", "{AA16D5DB-6463-4546-B2AD-1D3A62F3D4F4}"
EndProject
Global
	GlobalSection(SolutionConfigurationPlatforms) = preSolution
		Debug|Any CPU = Debug|Any CPU
		Release|Any CPU = Release|Any CPU
	EndGlobalSection
	GlobalSection(ProjectConfigurationPlatforms) = postSolution
		{AA16D5DB-6463-4546-B2AD-1D3A62F3D4F4}.Debug|Any CPU.ActiveCfg = Debug|Any CPU
		{AA16D5DB-6463-4546-B2AD-1D3A62F3D4F4}.Debug|Any CPU.Build.0 = Debug|Any CPU
		{AA16D5DB-6463-4546-B2AD-1D3A62F3D4F4}.Release|Any CPU.ActiveCfg = Release|Any CPU
		{AA16D5DB-6463-4546-B2AD-1D3A62F3D4F4}.Release|Any CPU.Build.0 = Release|Any CPU
	EndGlobalSection
	GlobalSection(SolutionProperties) = preSolution
		HideSolutionNode = FALSE
	EndGlobalSection
	GlobalSection(ExtensibilityGlobals) = postSolution
		SolutionGuid = {D979DA73-FBF6-4EB4-953A-0235EFD17ECB}
	EndGlobalSection
EndGlobal
