
Microsoft Visual Studio Solution File, Format Version 12.00
# Visual Studio Version 17
VisualStudioVersion = 17.10.35027.167
MinimumVisualStudioVersion = 10.0.40219.1
Project("{FAE04EC0-301F-11D3-BF4B-00C04F79EFBC}") = "5_ Display_The_Cube_Of_The_Number", "5_ Display_The_Cube_Of_The_Number.csproj", "{104E3FC3-04E7-41BC-AEDD-181A39A584DB}"
EndProject
Global
	GlobalSection(SolutionConfigurationPlatforms) = preSolution
		Debug|Any CPU = Debug|Any CPU
		Release|Any CPU = Release|Any CPU
	EndGlobalSection
	GlobalSection(ProjectConfigurationPlatforms) = postSolution
		{104E3FC3-04E7-41BC-AEDD-181A39A584DB}.Debug|Any CPU.ActiveCfg = Debug|Any CPU
		{104E3FC3-04E7-41BC-AEDD-181A39A584DB}.Debug|Any CPU.Build.0 = Debug|Any CPU
		{104E3FC3-04E7-41BC-AEDD-181A39A584DB}.Release|Any CPU.ActiveCfg = Release|Any CPU
		{104E3FC3-04E7-41BC-AEDD-181A39A584DB}.Release|Any CPU.Build.0 = Release|Any CPU
	EndGlobalSection
	GlobalSection(SolutionProperties) = preSolution
		HideSolutionNode = FALSE
	EndGlobalSection
	GlobalSection(ExtensibilityGlobals) = postSolution
		SolutionGuid = {00A333CD-6E31-49D4-99FB-418029DBAB17}
	EndGlobalSection
EndGlobal
