
Microsoft Visual Studio Solution File, Format Version 12.00
# Visual Studio Version 17
VisualStudioVersion = 17.11.35208.52
MinimumVisualStudioVersion = 10.0.40219.1
Project("{FAE04EC0-301F-11D3-BF4B-00C04F79EFBC}") = "OOP_10_WAP_1D_Matrix_Addition_Using_Operator_Overloading", "OOP_10_WAP_1D_Matrix_Addition_Using_Operator_Overloading.csproj", "{7FE52954-F8CA-4306-BFAA-2DA833875806}"
EndProject
Global
	GlobalSection(SolutionConfigurationPlatforms) = preSolution
		Debug|Any CPU = Debug|Any CPU
		Release|Any CPU = Release|Any CPU
	EndGlobalSection
	GlobalSection(ProjectConfigurationPlatforms) = postSolution
		{7FE52954-F8CA-4306-BFAA-2DA833875806}.Debug|Any CPU.ActiveCfg = Debug|Any CPU
		{7FE52954-F8CA-4306-BFAA-2DA833875806}.Debug|Any CPU.Build.0 = Debug|Any CPU
		{7FE52954-F8CA-4306-BFAA-2DA833875806}.Release|Any CPU.ActiveCfg = Release|Any CPU
		{7FE52954-F8CA-4306-BFAA-2DA833875806}.Release|Any CPU.Build.0 = Release|Any CPU
	EndGlobalSection
	GlobalSection(SolutionProperties) = preSolution
		HideSolutionNode = FALSE
	EndGlobalSection
	GlobalSection(ExtensibilityGlobals) = postSolution
		SolutionGuid = {BE8FD749-C49B-4C39-ACF4-28C06067A25E}
	EndGlobalSection
EndGlobal
