
Microsoft Visual Studio Solution File, Format Version 12.00
# Visual Studio Version 17
VisualStudioVersion = 17.11.35303.130
MinimumVisualStudioVersion = 10.0.40219.1
Project("{FAE04EC0-301F-11D3-BF4B-00C04F79EFBC}") = "OOPS_15_Test_Result_Of_Different_Student", "OOPS_15_Test_Result_Of_Different_Student.csproj", "{288B7277-A59B-4C88-909F-05FA449B4DAE}"
EndProject
Global
	GlobalSection(SolutionConfigurationPlatforms) = preSolution
		Debug|Any CPU = Debug|Any CPU
		Release|Any CPU = Release|Any CPU
	EndGlobalSection
	GlobalSection(ProjectConfigurationPlatforms) = postSolution
		{288B7277-A59B-4C88-909F-05FA449B4DAE}.Debug|Any CPU.ActiveCfg = Debug|Any CPU
		{288B7277-A59B-4C88-909F-05FA449B4DAE}.Debug|Any CPU.Build.0 = Debug|Any CPU
		{288B7277-A59B-4C88-909F-05FA449B4DAE}.Release|Any CPU.ActiveCfg = Release|Any CPU
		{288B7277-A59B-4C88-909F-05FA449B4DAE}.Release|Any CPU.Build.0 = Release|Any CPU
	EndGlobalSection
	GlobalSection(SolutionProperties) = preSolution
		HideSolutionNode = FALSE
	EndGlobalSection
	GlobalSection(ExtensibilityGlobals) = postSolution
		SolutionGuid = {A7940E81-BB21-4EC2-ADB6-BE6BD937C7CA}
	EndGlobalSection
EndGlobal
