
Microsoft Visual Studio Solution File, Format Version 12.00
# Visual Studio Version 17
VisualStudioVersion = 17.10.35027.167
MinimumVisualStudioVersion = 10.0.40219.1
Project("{FAE04EC0-301F-11D3-BF4B-00C04F79EFBC}") = "4_Find _Sum_And_Average_Of_Numbers_From_User_Inputs", "4_Find _Sum_And_Average_Of_Numbers_From_User_Inputs.csproj", "{4EDB4B7D-23BE-4F54-8DA8-1E69F7A1A316}"
EndProject
Global
	GlobalSection(SolutionConfigurationPlatforms) = preSolution
		Debug|Any CPU = Debug|Any CPU
		Release|Any CPU = Release|Any CPU
	EndGlobalSection
	GlobalSection(ProjectConfigurationPlatforms) = postSolution
		{4EDB4B7D-23BE-4F54-8DA8-1E69F7A1A316}.Debug|Any CPU.ActiveCfg = Debug|Any CPU
		{4EDB4B7D-23BE-4F54-8DA8-1E69F7A1A316}.Debug|Any CPU.Build.0 = Debug|Any CPU
		{4EDB4B7D-23BE-4F54-8DA8-1E69F7A1A316}.Release|Any CPU.ActiveCfg = Release|Any CPU
		{4EDB4B7D-23BE-4F54-8DA8-1E69F7A1A316}.Release|Any CPU.Build.0 = Release|Any CPU
	EndGlobalSection
	GlobalSection(SolutionProperties) = preSolution
		HideSolutionNode = FALSE
	EndGlobalSection
	GlobalSection(ExtensibilityGlobals) = postSolution
		SolutionGuid = {42F51CC0-CB3A-4181-91A3-68FA46FF3BDC}
	EndGlobalSection
EndGlobal
