
Microsoft Visual Studio Solution File, Format Version 12.00
# Visual Studio Version 17
VisualStudioVersion = 17.10.35027.167
MinimumVisualStudioVersion = 10.0.40219.1
Project("{FAE04EC0-301F-11D3-BF4B-00C04F79EFBC}") = "8_WAP_TO_SEARCH_GIVEN_ELEMENT_IN_ARRAY", "8_WAP_TO_SEARCH_GIVEN_ELEMENT_IN_ARRAY.csproj", "{5376D96C-828A-4CD6-A5BB-54DC5DA177B6}"
EndProject
Global
	GlobalSection(SolutionConfigurationPlatforms) = preSolution
		Debug|Any CPU = Debug|Any CPU
		Release|Any CPU = Release|Any CPU
	EndGlobalSection
	GlobalSection(ProjectConfigurationPlatforms) = postSolution
		{5376D96C-828A-4CD6-A5BB-54DC5DA177B6}.Debug|Any CPU.ActiveCfg = Debug|Any CPU
		{5376D96C-828A-4CD6-A5BB-54DC5DA177B6}.Debug|Any CPU.Build.0 = Debug|Any CPU
		{5376D96C-828A-4CD6-A5BB-54DC5DA177B6}.Release|Any CPU.ActiveCfg = Release|Any CPU
		{5376D96C-828A-4CD6-A5BB-54DC5DA177B6}.Release|Any CPU.Build.0 = Release|Any CPU
	EndGlobalSection
	GlobalSection(SolutionProperties) = preSolution
		HideSolutionNode = FALSE
	EndGlobalSection
	GlobalSection(ExtensibilityGlobals) = postSolution
		SolutionGuid = {FC2B8453-1D5E-4F7C-A48F-5B1CEF65CC8A}
	EndGlobalSection
EndGlobal
