
Microsoft Visual Studio Solution File, Format Version 12.00
# Visual Studio Version 17
VisualStudioVersion = 17.10.35027.167
MinimumVisualStudioVersion = 10.0.40219.1
Project("{FAE04EC0-301F-11D3-BF4B-00C04F79EFBC}") = "OOP_5_Addition_Substraction_Multiplication_Using_Constructors_", "OOP_5_Addition_Substraction_Multiplication_Using_Constructors_.csproj", "{9241BFCB-8E01-43C7-8A1A-62584F60C4C0}"
EndProject
Global
	GlobalSection(SolutionConfigurationPlatforms) = preSolution
		Debug|Any CPU = Debug|Any CPU
		Release|Any CPU = Release|Any CPU
	EndGlobalSection
	GlobalSection(ProjectConfigurationPlatforms) = postSolution
		{9241BFCB-8E01-43C7-8A1A-62584F60C4C0}.Debug|Any CPU.ActiveCfg = Debug|Any CPU
		{9241BFCB-8E01-43C7-8A1A-62584F60C4C0}.Debug|Any CPU.Build.0 = Debug|Any CPU
		{9241BFCB-8E01-43C7-8A1A-62584F60C4C0}.Release|Any CPU.ActiveCfg = Release|Any CPU
		{9241BFCB-8E01-43C7-8A1A-62584F60C4C0}.Release|Any CPU.Build.0 = Release|Any CPU
	EndGlobalSection
	GlobalSection(SolutionProperties) = preSolution
		HideSolutionNode = FALSE
	EndGlobalSection
	GlobalSection(ExtensibilityGlobals) = postSolution
		SolutionGuid = {2B58EBAD-65B5-40EE-B587-F3808D67CB81}
	EndGlobalSection
EndGlobal
